// !$*UTF8*$!
{
	archiveVersion = 1;
	classes = {
	};
	objectVersion = 46;
	objects = {

/* Begin PBXBuildFile section */
		BAED3CF11C5E5DED007326D9 /* AppDelegate.swift in Sources */ = {isa = PBXBuildFile; fileRef = BAED3CF01C5E5DED007326D9 /* AppDelegate.swift */; };
		BAED3CF31C5E5DED007326D9 /* GameScene.sks in Resources */ = {isa = PBXBuildFile; fileRef = BAED3CF21C5E5DED007326D9 /* GameScene.sks */; };
		BAED3CF51C5E5DED007326D9 /* GameScene.swift in Sources */ = {isa = PBXBuildFile; fileRef = BAED3CF41C5E5DED007326D9 /* GameScene.swift */; };
		BAED3CF71C5E5DED007326D9 /* GameViewController.swift in Sources */ = {isa = PBXBuildFile; fileRef = BAED3CF61C5E5DED007326D9 /* GameViewController.swift */; };
		BAED3CFA1C5E5DED007326D9 /* Main.storyboard in Resources */ = {isa = PBXBuildFile; fileRef = BAED3CF81C5E5DED007326D9 /* Main.storyboard */; };
		BAED3CFC1C5E5DED007326D9 /* Assets.xcassets in Resources */ = {isa = PBXBuildFile; fileRef = BAED3CFB1C5E5DED007326D9 /* Assets.xcassets */; };
		BAED3CFF1C5E5DED007326D9 /* LaunchScreen.storyboard in Resources */ = {isa = PBXBuildFile; fileRef = BAED3CFD1C5E5DED007326D9 /* LaunchScreen.storyboard */; };
		BAED3D0A1C5E5DED007326D9 /* EndlessRunnerTests.swift in Sources */ = {isa = PBXBuildFile; fileRef = BAED3D091C5E5DED007326D9 /* EndlessRunnerTests.swift */; };
/* End PBXBuildFile section */

/* Begin PBXContainerItemProxy section */
		BAED3D061C5E5DED007326D9 /* PBXContainerItemProxy */ = {
			isa = PBXContainerItemProxy;
			containerPortal = BAED3CE51C5E5DED007326D9 /* Project object */;
			proxyType = 1;
			remoteGlobalIDString = BAED3CEC1C5E5DED007326D9;
			remoteInfo = EndlessRunner;
		};
/* End PBXContainerItemProxy section */

/* Begin PBXFileReference section */
		BAED3CED1C5E5DED007326D9 /* EndlessRunner.app */ = {isa = PBXFileReference; explicitFileType = wrapper.application; includeInIndex = 0; path = EndlessRunner.app; sourceTree = BUILT_PRODUCTS_DIR; };
		BAED3CF01C5E5DED007326D9 /* AppDelegate.swift */ = {isa = PBXFileReference; lastKnownFileType = sourcecode.swift; path = AppDelegate.swift; sourceTree = "<group>"; };
		BAED3CF21C5E5DED007326D9 /* GameScene.sks */ = {isa = PBXFileReference; lastKnownFileType = file.sks; path = GameScene.sks; sourceTree = "<group>"; };
		BAED3CF41C5E5DED007326D9 /* GameScene.swift */ = {isa = PBXFileReference; lastKnownFileType = sourcecode.swift; path = GameScene.swift; sourceTree = "<group>"; };
		BAED3CF61C5E5DED007326D9 /* GameViewController.swift */ = {isa = PBXFileReference; lastKnownFileType = sourcecode.swift; path = GameViewController.swift; sourceTree = "<group>"; };
		BAED3CF91C5E5DED007326D9 /* Base */ = {isa = PBXFileReference; lastKnownFileType = file.storyboard; name = Base; path = Base.lproj/Main.storyboard; sourceTree = "<group>"; };
		BAED3CFB1C5E5DED007326D9 /* Assets.xcassets */ = {isa = PBXFileReference; lastKnownFileType = folder.assetcatalog; path = Assets.xcassets; sourceTree = "<group>"; };
		BAED3CFE1C5E5DED007326D9 /* Base */ = {isa = PBXFileReference; lastKnownFileType = file.storyboard; name = Base; path = Base.lproj/LaunchScreen.storyboard; sourceTree = "<group>"; };
		BAED3D001C5E5DED007326D9 /* Info.plist */ = {isa = PBXFileReference; lastKnownFileType = text.plist.xml; path = Info.plist; sourceTree = "<group>"; };
		BAED3D051C5E5DED007326D9 /* EndlessRunnerTests.xctest */ = {isa = PBXFileReference; explicitFileType = wrapper.cfbundle; includeInIndex = 0; path = EndlessRunnerTests.xctest; sourceTree = BUILT_PRODUCTS_DIR; };
		BAED3D091C5E5DED007326D9 /* EndlessRunnerTests.swift */ = {isa = PBXFileReference; lastKnownFileType = sourcecode.swift; path = EndlessRunnerTests.swift; sourceTree = "<group>"; };
		BAED3D0B1C5E5DED007326D9 /* Info.plist */ = {isa = PBXFileReference; lastKnownFileType = text.plist.xml; path = Info.plist; sourceTree = "<group>"; };
/* End PBXFileReference section */

/* Begin PBXFrameworksBuildPhase section */
		BAED3CEA1C5E5DED007326D9 /* Frameworks */ = {
			isa = PBXFrameworksBuildPhase;
			buildActionMask = 2147483647;
			files = (
			);
			runOnlyForDeploymentPostprocessing = 0;
		};
		BAED3D021C5E5DED007326D9 /* Frameworks */ = {
			isa = PBXFrameworksBuildPhase;
			buildActionMask = 2147483647;
			files = (
			);
			runOnlyForDeploymentPostprocessing = 0;
		};
/* End PBXFrameworksBuildPhase section */

/* Begin PBXGroup section */
		BAED3CE41C5E5DED007326D9 = {
			isa = PBXGroup;
			children = (
				BAED3CEF1C5E5DED007326D9 /* EndlessRunner */,
				BAED3D081C5E5DED007326D9 /* EndlessRunnerTests */,
				BAED3CEE1C5E5DED007326D9 /* Products */,
			);
			sourceTree = "<group>";
		};
		BAED3CEE1C5E5DED007326D9 /* Products */ = {
			isa = PBXGroup;
			children = (
				BAED3CED1C5E5DED007326D9 /* EndlessRunner.app */,
				BAED3D051C5E5DED007326D9 /* EndlessRunnerTests.xctest */,
			);
			name = Products;
			sourceTree = "<group>";
		};
		BAED3CEF1C5E5DED007326D9 /* EndlessRunner */ = {
			isa = PBXGroup;
			children = (
				BAED3CF01C5E5DED007326D9 /* AppDelegate.swift */,
				BAED3CF21C5E5DED007326D9 /* GameScene.sks */,
				BAED3CF41C5E5DED007326D9 /* GameScene.swift */,
				BAED3CF61C5E5DED007326D9 /* GameViewController.swift */,
				BAED3CF81C5E5DED007326D9 /* Main.storyboard */,
				BAED3CFB1C5E5DED007326D9 /* Assets.xcassets */,
				BAED3CFD1C5E5DED007326D9 /* LaunchScreen.storyboard */,
				BAED3D001C5E5DED007326D9 /* Info.plist */,
			);
			path = EndlessRunner;
			sourceTree = "<group>";
		};
		BAED3D081C5E5DED007326D9 /* EndlessRunnerTests */ = {
			isa = PBXGroup;
			children = (
				BAED3D091C5E5DED007326D9 /* EndlessRunnerTests.swift */,
				BAED3D0B1C5E5DED007326D9 /* Info.plist */,
			);
			path = EndlessRunnerTests;
			sourceTree = "<group>";
		};
/* End PBXGroup section */

/* Begin PBXNativeTarget section */
		BAED3CEC1C5E5DED007326D9 /* EndlessRunner */ = {
			isa = PBXNativeTarget;
			buildConfigurationList = BAED3D0E1C5E5DED007326D9 /* Build configuration list for PBXNativeTarget "EndlessRunner" */;
			buildPhases = (
				BAED3CE91C5E5DED007326D9 /* Sources */,
				BAED3CEA1C5E5DED007326D9 /* Frameworks */,
				BAED3CEB1C5E5DED007326D9 /* Resources */,
			);
			buildRules = (
			);
			dependencies = (
			);
			name = EndlessRunner;
			productName = EndlessRunner;
			productReference = BAED3CED1C5E5DED007326D9 /* EndlessRunner.app */;
			productType = "com.apple.product-type.application";
		};
		BAED3D041C5E5DED007326D9 /* EndlessRunnerTests */ = {
			isa = PBXNativeTarget;
			buildConfigurationList = BAED3D111C5E5DED007326D9 /* Build configuration list for PBXNativeTarget "EndlessRunnerTests" */;
			buildPhases = (
				BAED3D011C5E5DED007326D9 /* Sources */,
				BAED3D021C5E5DED007326D9 /* Frameworks */,
				BAED3D031C5E5DED007326D9 /* Resources */,
			);
			buildRules = (
			);
			dependencies = (
				BAED3D071C5E5DED007326D9 /* PBXTargetDependency */,
			);
			name = EndlessRunnerTests;
			productName = EndlessRunnerTests;
			productReference = BAED3D051C5E5DED007326D9 /* EndlessRunnerTests.xctest */;
			productType = "com.apple.product-type.bundle.unit-test";
		};
/* End PBXNativeTarget section */

/* Begin PBXProject section */
		BAED3CE51C5E5DED007326D9 /* Project object */ = {
			isa = PBXProject;
			attributes = {
				LastSwiftUpdateCheck = 0720;
				LastUpgradeCheck = 0720;
				ORGANIZATIONNAME = "Christian Thorvik";
				TargetAttributes = {
					BAED3CEC1C5E5DED007326D9 = {
						CreatedOnToolsVersion = 7.2;
					};
					BAED3D041C5E5DED007326D9 = {
						CreatedOnToolsVersion = 7.2;
						TestTargetID = BAED3CEC1C5E5DED007326D9;
					};
				};
			};
			buildConfigurationList = BAED3CE81C5E5DED007326D9 /* Build configuration list for PBXProject "EndlessRunner" */;
			compatibilityVersion = "Xcode 3.2";
			developmentRegion = English;
			hasScannedForEncodings = 0;
			knownRegions = (
				en,
				Base,
			);
			mainGroup = BAED3CE41C5E5DED007326D9;
			productRefGroup = BAED3CEE1C5E5DED007326D9 /* Products */;
			projectDirPath = "";
			projectRoot = "";
			targets = (
				BAED3CEC1C5E5DED007326D9 /* EndlessRunner */,
				BAED3D041C5E5DED007326D9 /* EndlessRunnerTests */,
			);
		};
/* End PBXProject section */

/* Begin PBXResourcesBuildPhase section */
		BAED3CEB1C5E5DED007326D9 /* Resources */ = {
			isa = PBXResourcesBuildPhase;
			buildActionMask = 2147483647;
			files = (
				BAED3CF31C5E5DED007326D9 /* GameScene.sks in Resources */,
				BAED3CFF1C5E5DED007326D9 /* LaunchScreen.storyboard in Resources */,
				BAED3CFC1C5E5DED007326D9 /* Assets.xcassets in Resources */,
				BAED3CFA1C5E5DED007326D9 /* Main.storyboard in Resources */,
			);
			runOnlyForDeploymentPostprocessing = 0;
		};
		BAED3D031C5E5DED007326D9 /* Resources */ = {
			isa = PBXResourcesBuildPhase;
			buildActionMask = 2147483647;
			files = (
			);
			runOnlyForDeploymentPostprocessing = 0;
		};
/* End PBXResourcesBuildPhase section */

/* Begin PBXSourcesBuildPhase section */
		BAED3CE91C5E5DED007326D9 /* Sources */ = {
			isa = PBXSourcesBuildPhase;
			buildActionMask = 2147483647;
			files = (
				BAED3CF51C5E5DED007326D9 /* GameScene.swift in Sources */,
				BAED3CF71C5E5DED007326D9 /* GameViewController.swift in Sources */,
				BAED3CF11C5E5DED007326D9 /* AppDelegate.swift in Sources */,
			);
			runOnlyForDeploymentPostprocessing = 0;
		};
		BAED3D011C5E5DED007326D9 /* Sources */ = {
			isa = PBXSourcesBuildPhase;
			buildActionMask = 2147483647;
			files = (
				BAED3D0A1C5E5DED007326D9 /* EndlessRunnerTests.swift in Sources */,
			);
			runOnlyForDeploymentPostprocessing = 0;
		};
/* End PBXSourcesBuildPhase section */

/* Begin PBXTargetDependency section */
		BAED3D071C5E5DED007326D9 /* PBXTargetDependency */ = {
			isa = PBXTargetDependency;
			target = BAED3CEC1C5E5DED007326D9 /* EndlessRunner */;
			targetProxy = BAED3D061C5E5DED007326D9 /* PBXContainerItemProxy */;
		};
/* End PBXTargetDependency section */

/* Begin PBXVariantGroup section */
		BAED3CF81C5E5DED007326D9 /* Main.storyboard */ = {
			isa = PBXVariantGroup;
			children = (
				BAED3CF91C5E5DED007326D9 /* Base */,
			);
			name = Main.storyboard;
			sourceTree = "<group>";
		};
		BAED3CFD1C5E5DED007326D9 /* LaunchScreen.storyboard */ = {
			isa = PBXVariantGroup;
			children = (
				BAED3CFE1C5E5DED007326D9 /* Base */,
			);
			name = LaunchScreen.storyboard;
			sourceTree = "<group>";
		};
/* End PBXVariantGroup section */

/* Begin XCBuildConfiguration section */
		BAED3D0C1C5E5DED007326D9 /* Debug */ = {
			isa = XCBuildConfiguration;
			buildSettings = {
				ALWAYS_SEARCH_USER_PATHS = NO;
				CLANG_CXX_LANGUAGE_STANDARD = "gnu++0x";
				CLANG_CXX_LIBRARY = "libc++";
				CLANG_ENABLE_MODULES = YES;
				CLANG_ENABLE_OBJC_ARC = YES;
				CLANG_WARN_BOOL_CONVERSION = YES;
				CLANG_WARN_CONSTANT_CONVERSION = YES;
				CLANG_WARN_DIRECT_OBJC_ISA_USAGE = YES_ERROR;
				CLANG_WARN_EMPTY_BODY = YES;
				CLANG_WARN_ENUM_CONVERSION = YES;
				CLANG_WARN_INT_CONVERSION = YES;
				CLANG_WARN_OBJC_ROOT_CLASS = YES_ERROR;
				CLANG_WARN_UNREACHABLE_CODE = YES;
				CLANG_WARN__DUPLICATE_METHOD_MATCH = YES;
				"CODE_SIGN_IDENTITY[sdk=iphoneos*]" = "iPhone Developer";
				COPY_PHASE_STRIP = NO;
				DEBUG_INFORMATION_FORMAT = "dwarf-with-dsym";
				ENABLE_STRICT_OBJC_MSGSEND = YES;
				ENABLE_TESTABILITY = YES;
				GCC_C_LANGUAGE_STANDARD = gnu99;
				GCC_DYNAMIC_NO_PIC = NO;
				GCC_NO_COMMON_BLOCKS = YES;
				GCC_OPTIMIZATION_LEVEL = 0;
				GCC_PREPROCESSOR_DEFINITIONS = (
					"DEBUG=1",
					"$(inherited)",
				);
				GCC_WARN_64_TO_32_BIT_CONVERSION = YES;
				GCC_WARN_ABOUT_RETURN_TYPE = YES_ERROR;
				GCC_WARN_UNDECLARED_SELECTOR = YES;
				GCC_WARN_UNINITIALIZED_AUTOS = YES_AGGRESSIVE;
				GCC_WARN_UNUSED_FUNCTION = YES;
				GCC_WARN_UNUSED_VARIABLE = YES;
				IPHONEOS_DEPLOYMENT_TARGET = 9.2;
				MTL_ENABLE_DEBUG_INFO = YES;
				ONLY_ACTIVE_ARCH = YES;
				SDKROOT = iphoneos;
				SWIFT_OPTIMIZATION_LEVEL = "-Onone";
				TARGETED_DEVICE_FAMILY = "1,2";
			};
			name = Debug;
		};
		BAED3D0D1C5E5DED007326D9 /* Release */ = {
			isa = XCBuildConfiguration;
			buildSettings = {
				ALWAYS_SEARCH_USER_PATHS = NO;
				CLANG_CXX_LANGUAGE_STANDARD = "gnu++0x";
				CLANG_CXX_LIBRARY = "libc++";
				CLANG_ENABLE_MODULES = YES;
				CLANG_ENABLE_OBJC_ARC = YES;
				CLANG_WARN_BOOL_CONVERSION = YES;
				CLANG_WARN_CONSTANT_CONVERSION = YES;
				CLANG_WARN_DIRECT_OBJC_ISA_USAGE = YES_ERROR;
				CLANG_WARN_EMPTY_BODY = YES;
				CLANG_WARN_ENUM_CONVERSION = YES;
				CLANG_WARN_INT_CONVERSION = YES;
				CLANG_WARN_OBJC_ROOT_CLASS = YES_ERROR;
				CLANG_WARN_UNREACHABLE_CODE = YES;
				CLANG_WARN__DUPLICATE_METHOD_MATCH = YES;
				"CODE_SIGN_IDENTITY[sdk=iphoneos*]" = "iPhone Developer";
				COPY_PHASE_STRIP = NO;
				DEBUG_INFORMATION_FORMAT = "dwarf-with-dsym";
				ENABLE_NS_ASSERTIONS = NO;
				ENABLE_STRICT_OBJC_MSGSEND = YES;
				GCC_C_LANGUAGE_STANDARD = gnu99;
				GCC_NO_COMMON_BLOCKS = YES;
				GCC_WARN_64_TO_32_BIT_CONVERSION = YES;
				GCC_WARN_ABOUT_RETURN_TYPE = YES_ERROR;
				GCC_WARN_UNDECLARED_SELECTOR = YES;
				GCC_WARN_UNINITIALIZED_AUTOS = YES_AGGRESSIVE;
				GCC_WARN_UNUSED_FUNCTION = YES;
				GCC_WARN_UNUSED_VARIABLE = YES;
				IPHONEOS_DEPLOYMENT_TARGET = 9.2;
				MTL_ENABLE_DEBUG_INFO = NO;
				SDKROOT = iphoneos;
				TARGETED_DEVICE_FAMILY = "1,2";
				VALIDATE_PRODUCT = YES;
			};
			name = Release;
		};
		BAED3D0F1C5E5DED007326D9 /* Debug */ = {
			isa = XCBuildConfiguration;
			buildSettings = {
				ASSETCATALOG_COMPILER_APPICON_NAME = AppIcon;
				INFOPLIST_FILE = EndlessRunner/Info.plist;
				LD_RUNPATH_SEARCH_PATHS = "$(inherited) @executable_path/Frameworks";
				PRODUCT_BUNDLE_IDENTIFIER = com.example.EndlessRunner;
				PRODUCT_NAME = "$(TARGET_NAME)";
			};
			name = Debug;
		};
		BAED3D101C5E5DED007326D9 /* Release */ = {
			isa = XCBuildConfiguration;
			buildSettings = {
				ASSETCATALOG_COMPILER_APPICON_NAME = AppIcon;
				INFOPLIST_FILE = EndlessRunner/Info.plist;
				LD_RUNPATH_SEARCH_PATHS = "$(inherited) @executable_path/Frameworks";
				PRODUCT_BUNDLE_IDENTIFIER = com.example.EndlessRunner;
				PRODUCT_NAME = "$(TARGET_NAME)";
			};
			name = Release;
		};
		BAED3D121C5E5DED007326D9 /* Debug */ = {
			isa = XCBuildConfiguration;
			buildSettings = {
				BUNDLE_LOADER = "$(TEST_HOST)";
				DEBUG_INFORMATION_FORMAT = dwarf;
				INFOPLIST_FILE = EndlessRunnerTests/Info.plist;
				LD_RUNPATH_SEARCH_PATHS = "$(inherited) @executable_path/Frameworks @loader_path/Frameworks";
				PRODUCT_BUNDLE_IDENTIFIER = com.example.EndlessRunnerTests;
				PRODUCT_NAME = "$(TARGET_NAME)";
				TEST_HOST = "$(BUILT_PRODUCTS_DIR)/EndlessRunner.app/EndlessRunner";
			};
			name = Debug;
		};
		BAED3D131C5E5DED007326D9 /* Release */ = {
			isa = XCBuildConfiguration;
			buildSettings = {
				BUNDLE_LOADER = "$(TEST_HOST)";
				INFOPLIST_FILE = EndlessRunnerTests/Info.plist;
				LD_RUNPATH_SEARCH_PATHS = "$(inherited) @executable_path/Frameworks @loader_path/Frameworks";
				PRODUCT_BUNDLE_IDENTIFIER = com.example.EndlessRunnerTests;
				PRODUCT_NAME = "$(TARGET_NAME)";
				TEST_HOST = "$(BUILT_PRODUCTS_DIR)/EndlessRunner.app/EndlessRunner";
			};
			name = Release;
		};
/* End XCBuildConfiguration section */

/* Begin XCConfigurationList section */
		BAED3CE81C5E5DED007326D9 /* Build configuration list for PBXProject "EndlessRunner" */ = {
			isa = XCConfigurationList;
			buildConfigurations = (
				BAED3D0C1C5E5DED007326D9 /* Debug */,
				BAED3D0D1C5E5DED007326D9 /* Release */,
			);
			defaultConfigurationIsVisible = 0;
			defaultConfigurationName = Release;
		};
		BAED3D0E1C5E5DED007326D9 /* Build configuration list for PBXNativeTarget "EndlessRunner" */ = {
			isa = XCConfigurationList;
			buildConfigurations = (
				BAED3D0F1C5E5DED007326D9 /* Debug */,
				BAED3D101C5E5DED007326D9 /* Release */,
			);
			defaultConfigurationIsVisible = 0;
		};
		BAED3D111C5E5DED007326D9 /* Build configuration list for PBXNativeTarget "EndlessRunnerTests" */ = {
			isa = XCConfigurationList;
			buildConfigurations = (
				BAED3D121C5E5DED007326D9 /* Debug */,
				BAED3D131C5E5DED007326D9 /* Release */,
			);
			defaultConfigurationIsVisible = 0;
		};
/* End XCConfigurationList section */
	};
	rootObject = BAED3CE51C5E5DED007326D9 /* Project object */;
}
